PODS:
  - Masonry (1.0.2)
  - SVProgressHUD (2.1.2)

DEPENDENCIES:
  - Masonry
  - SVProgressHUD

SPEC REPOS:
  https://github.com/cocoapods/specs.git:
    - Masonry
    - SVProgressHUD

SPEC CHECKSUMS:
  Masonry: 7c429b56da9d4ee0bbb3ed77a5ea710d6a5df39e
  SVProgressHUD: c404a55d78acbeb7ebb78b76d3faf986475a6994

PODFILE CHECKSUM: fbda6f0b84bf96c0cd744a569f2132bc8ac625c8

COCOAPODS: 1.5.2
